// !$*UTF8*$!
{
	archiveVersion = 1;
	classes = {
	};
	objectVersion = 48;
	objects = {

/* Begin PBXBuildFile section */
		B169B6431F7A3845008256B0 /* PhotoCaptureSession.swift in Sources */ = {isa = PBXBuildFile; fileRef = B169B6421F7A3845008256B0 /* PhotoCaptureSession.swift */; };
		B169B6471F7B4101008256B0 /* PHPhotoLibrary+Extension.swift in Sources */ = {isa = PBXBuildFile; fileRef = B169B6461F7B4101008256B0 /* PHPhotoLibrary+Extension.swift */; };
		B169B6491F7B457D008256B0 /* PHAsset+Extension.swift in Sources */ = {isa = PBXBuildFile; fileRef = B169B6481F7B457D008256B0 /* PHAsset+Extension.swift */; };
		B169B64C1F7B4913008256B0 /* CGSize+Extension.swift in Sources */ = {isa = PBXBuildFile; fileRef = B169B64B1F7B4913008256B0 /* CGSize+Extension.swift */; };
		B1836DC91FBBE1E600AE4DF6 /* DeviceOrientationMonitor.swift in Sources */ = {isa = PBXBuildFile; fileRef = B1836DC81FBBE1E600AE4DF6 /* DeviceOrientationMonitor.swift */; };
		B1836DCD1FBD556900AE4DF6 /* PreviewImageViewController.swift in Sources */ = {isa = PBXBuildFile; fileRef = B1836DCC1FBD556900AE4DF6 /* PreviewImageViewController.swift */; };
		B1836DCF1FBD733B00AE4DF6 /* CIImage+Extension.swift in Sources */ = {isa = PBXBuildFile; fileRef = B1836DCE1FBD733B00AE4DF6 /* CIImage+Extension.swift */; };
		B19414101FB2E95300DA6078 /* Vision.storyboard in Resources */ = {isa = PBXBuildFile; fileRef = B194140E1FB2E95300DA6078 /* Vision.storyboard */; };
		B19414131FB2EA5500DA6078 /* VisionFaceFeatureViewController.swift in Sources */ = {isa = PBXBuildFile; fileRef = B19414121FB2EA5500DA6078 /* VisionFaceFeatureViewController.swift */; };
		B1B79B391F79CE3700E9CE37 /* AppDelegate.swift in Sources */ = {isa = PBXBuildFile; fileRef = B1B79B381F79CE3700E9CE37 /* AppDelegate.swift */; };
		B1B79B3E1F79CE3700E9CE37 /* Main.storyboard in Resources */ = {isa = PBXBuildFile; fileRef = B1B79B3C1F79CE3700E9CE37 /* Main.storyboard */; };
		B1B79B401F79CE3700E9CE37 /* Assets.xcassets in Resources */ = {isa = PBXBuildFile; fileRef = B1B79B3F1F79CE3700E9CE37 /* Assets.xcassets */; };
		B1B79B431F79CE3700E9CE37 /* LaunchScreen.storyboard in Resources */ = {isa = PBXBuildFile; fileRef = B1B79B411F79CE3700E9CE37 /* LaunchScreen.storyboard */; };
		B1B79B4E1F79D0C500E9CE37 /* Camera.storyboard in Resources */ = {isa = PBXBuildFile; fileRef = B1B79B4C1F79D0C500E9CE37 /* Camera.storyboard */; };
		B1B79B531F79D46700E9CE37 /* CoreImageView.swift in Sources */ = {isa = PBXBuildFile; fileRef = B1B79B521F79D46700E9CE37 /* CoreImageView.swift */; };
		B1B79B551F79D48E00E9CE37 /* CameraCaptureViewController.swift in Sources */ = {isa = PBXBuildFile; fileRef = B1B79B541F79D48E00E9CE37 /* CameraCaptureViewController.swift */; };
/* End PBXBuildFile section */

/* Begin PBXFileReference section */
		B169B6421F7A3845008256B0 /* PhotoCaptureSession.swift */ = {isa = PBXFileReference; lastKnownFileType = sourcecode.swift; name = PhotoCaptureSession.swift; path = Camera/PhotoCaptureSession.swift; sourceTree = "<group>"; };
		B169B6461F7B4101008256B0 /* PHPhotoLibrary+Extension.swift */ = {isa = PBXFileReference; lastKnownFileType = sourcecode.swift; name = "PHPhotoLibrary+Extension.swift"; path = "Camera/PHPhotoLibrary+Extension.swift"; sourceTree = "<group>"; };
		B169B6481F7B457D008256B0 /* PHAsset+Extension.swift */ = {isa = PBXFileReference; lastKnownFileType = sourcecode.swift; name = "PHAsset+Extension.swift"; path = "Camera/PHAsset+Extension.swift"; sourceTree = "<group>"; };
		B169B64B1F7B4913008256B0 /* CGSize+Extension.swift */ = {isa = PBXFileReference; lastKnownFileType = sourcecode.swift; name = "CGSize+Extension.swift"; path = "Extensions/CGSize+Extension.swift"; sourceTree = "<group>"; };
		B1836DC81FBBE1E600AE4DF6 /* DeviceOrientationMonitor.swift */ = {isa = PBXFileReference; lastKnownFileType = sourcecode.swift; name = DeviceOrientationMonitor.swift; path = Camera/DeviceOrientationMonitor.swift; sourceTree = "<group>"; };
		B1836DCC1FBD556900AE4DF6 /* PreviewImageViewController.swift */ = {isa = PBXFileReference; lastKnownFileType = sourcecode.swift; name = PreviewImageViewController.swift; path = Camera/PreviewImageViewController.swift; sourceTree = "<group>"; };
		B1836DCE1FBD733B00AE4DF6 /* CIImage+Extension.swift */ = {isa = PBXFileReference; lastKnownFileType = sourcecode.swift; name = "CIImage+Extension.swift"; path = "Extensions/CIImage+Extension.swift"; sourceTree = "<group>"; };
		B194140F1FB2E95300DA6078 /* Base */ = {isa = PBXFileReference; lastKnownFileType = file.storyboard; name = Base; path = Base.lproj/Vision.storyboard; sourceTree = "<group>"; };
		B19414121FB2EA5500DA6078 /* VisionFaceFeatureViewController.swift */ = {isa = PBXFileReference; lastKnownFileType = sourcecode.swift; name = VisionFaceFeatureViewController.swift; path = Vision/VisionFaceFeatureViewController.swift; sourceTree = "<group>"; };
		B1B79B351F79CE3700E9CE37 /* MediaCatalog.app */ = {isa = PBXFileReference; explicitFileType = wrapper.application; includeInIndex = 0; path = MediaCatalog.app; sourceTree = BUILT_PRODUCTS_DIR; };
		B1B79B381F79CE3700E9CE37 /* AppDelegate.swift */ = {isa = PBXFileReference; lastKnownFileType = sourcecode.swift; path = AppDelegate.swift; sourceTree = "<group>"; };
		B1B79B3D1F79CE3700E9CE37 /* Base */ = {isa = PBXFileReference; lastKnownFileType = file.storyboard; name = Base; path = Base.lproj/Main.storyboard; sourceTree = "<group>"; };
		B1B79B3F1F79CE3700E9CE37 /* Assets.xcassets */ = {isa = PBXFileReference; lastKnownFileType = folder.assetcatalog; path = Assets.xcassets; sourceTree = "<group>"; };
		B1B79B421F79CE3700E9CE37 /* Base */ = {isa = PBXFileReference; lastKnownFileType = file.storyboard; name = Base; path = Base.lproj/LaunchScreen.storyboard; sourceTree = "<group>"; };
		B1B79B441F79CE3700E9CE37 /* Info.plist */ = {isa = PBXFileReference; lastKnownFileType = text.plist.xml; path = Info.plist; sourceTree = "<group>"; };
		B1B79B4D1F79D0C500E9CE37 /* Base */ = {isa = PBXFileReference; lastKnownFileType = file.storyboard; name = Base; path = Base.lproj/Camera.storyboard; sourceTree = "<group>"; };
		B1B79B521F79D46700E9CE37 /* CoreImageView.swift */ = {isa = PBXFileReference; lastKnownFileType = sourcecode.swift; name = CoreImageView.swift; path = Camera/CoreImageView.swift; sourceTree = "<group>"; };
		B1B79B541F79D48E00E9CE37 /* CameraCaptureViewController.swift */ = {isa = PBXFileReference; fileEncoding = 4; lastKnownFileType = sourcecode.swift; name = CameraCaptureViewController.swift; path = Camera/CameraCaptureViewController.swift; sourceTree = "<group>"; };
/* End PBXFileReference section */

/* Begin PBXFrameworksBuildPhase section */
		B1B79B321F79CE3700E9CE37 /* Frameworks */ = {
			isa = PBXFrameworksBuildPhase;
			buildActionMask = 2147483647;
			files = (
			);
			runOnlyForDeploymentPostprocessing = 0;
		};
/* End PBXFrameworksBuildPhase section */

/* Begin PBXGroup section */
		B169B64A1F7B48CF008256B0 /* Extensions */ = {
			isa = PBXGroup;
			children = (
				B169B64B1F7B4913008256B0 /* CGSize+Extension.swift */,
				B1836DCE1FBD733B00AE4DF6 /* CIImage+Extension.swift */,
			);
			name = Extensions;
			sourceTree = "<group>";
		};
		B19414111FB2EA1D00DA6078 /* Vision */ = {
			isa = PBXGroup;
			children = (
				B19414121FB2EA5500DA6078 /* VisionFaceFeatureViewController.swift */,
			);
			name = Vision;
			sourceTree = "<group>";
		};
		B1B79B2C1F79CE3700E9CE37 = {
			isa = PBXGroup;
			children = (
				B1B79B371F79CE3700E9CE37 /* MediaCatalog */,
				B1B79B361F79CE3700E9CE37 /* Products */,
			);
			sourceTree = "<group>";
		};
		B1B79B361F79CE3700E9CE37 /* Products */ = {
			isa = PBXGroup;
			children = (
				B1B79B351F79CE3700E9CE37 /* MediaCatalog.app */,
			);
			name = Products;
			sourceTree = "<group>";
		};
		B1B79B371F79CE3700E9CE37 /* MediaCatalog */ = {
			isa = PBXGroup;
			children = (
				B1B79B511F79D3ED00E9CE37 /* Camera */,
				B19414111FB2EA1D00DA6078 /* Vision */,
				B169B64A1F7B48CF008256B0 /* Extensions */,
				B1B79B381F79CE3700E9CE37 /* AppDelegate.swift */,
				B1B79B3C1F79CE3700E9CE37 /* Main.storyboard */,
				B1B79B3F1F79CE3700E9CE37 /* Assets.xcassets */,
				B1B79B411F79CE3700E9CE37 /* LaunchScreen.storyboard */,
				B1B79B441F79CE3700E9CE37 /* Info.plist */,
				B1B79B4C1F79D0C500E9CE37 /* Camera.storyboard */,
				B194140E1FB2E95300DA6078 /* Vision.storyboard */,
			);
			path = MediaCatalog;
			sourceTree = "<group>";
		};
		B1B79B511F79D3ED00E9CE37 /* Camera */ = {
			isa = PBXGroup;
			children = (
				B1B79B541F79D48E00E9CE37 /* CameraCaptureViewController.swift */,
				B1B79B521F79D46700E9CE37 /* CoreImageView.swift */,
				B169B6421F7A3845008256B0 /* PhotoCaptureSession.swift */,
				B169B6461F7B4101008256B0 /* PHPhotoLibrary+Extension.swift */,
				B169B6481F7B457D008256B0 /* PHAsset+Extension.swift */,
				B1836DC81FBBE1E600AE4DF6 /* DeviceOrientationMonitor.swift */,
				B1836DCC1FBD556900AE4DF6 /* PreviewImageViewController.swift */,
			);
			name = Camera;
			sourceTree = "<group>";
		};
/* End PBXGroup section */

/* Begin PBXNativeTarget section */
		B1B79B341F79CE3700E9CE37 /* MediaCatalog */ = {
			isa = PBXNativeTarget;
			buildConfigurationList = B1B79B471F79CE3700E9CE37 /* Build configuration list for PBXNativeTarget "MediaCatalog" */;
			buildPhases = (
				B1B79B311F79CE3700E9CE37 /* Sources */,
				B1B79B321F79CE3700E9CE37 /* Frameworks */,
				B1B79B331F79CE3700E9CE37 /* Resources */,
			);
			buildRules = (
			);
			dependencies = (
			);
			name = MediaCatalog;
			productName = MediaCatalog;
			productReference = B1B79B351F79CE3700E9CE37 /* MediaCatalog.app */;
			productType = "com.apple.product-type.application";
		};
/* End PBXNativeTarget section */

/* Begin PBXProject section */
		B1B79B2D1F79CE3700E9CE37 /* Project object */ = {
			isa = PBXProject;
			attributes = {
				LastSwiftUpdateCheck = 0900;
				LastUpgradeCheck = 0900;
				ORGANIZATIONNAME = imk2o;
				TargetAttributes = {
					B1B79B341F79CE3700E9CE37 = {
						CreatedOnToolsVersion = 9.0;
						ProvisioningStyle = Automatic;
					};
				};
			};
			buildConfigurationList = B1B79B301F79CE3700E9CE37 /* Build configuration list for PBXProject "MediaCatalog" */;
			compatibilityVersion = "Xcode 8.0";
			developmentRegion = en;
			hasScannedForEncodings = 0;
			knownRegions = (
				en,
				Base,
			);
			mainGroup = B1B79B2C1F79CE3700E9CE37;
			productRefGroup = B1B79B361F79CE3700E9CE37 /* Products */;
			projectDirPath = "";
			projectRoot = "";
			targets = (
				B1B79B341F79CE3700E9CE37 /* MediaCatalog */,
			);
		};
/* End PBXProject section */

/* Begin PBXResourcesBuildPhase section */
		B1B79B331F79CE3700E9CE37 /* Resources */ = {
			isa = PBXResourcesBuildPhase;
			buildActionMask = 2147483647;
			files = (
				B1B79B431F79CE3700E9CE37 /* LaunchScreen.storyboard in Resources */,
				B1B79B4E1F79D0C500E9CE37 /* Camera.storyboard in Resources */,
				B1B79B401F79CE3700E9CE37 /* Assets.xcassets in Resources */,
				B1B79B3E1F79CE3700E9CE37 /* Main.storyboard in Resources */,
				B19414101FB2E95300DA6078 /* Vision.storyboard in Resources */,
			);
			runOnlyForDeploymentPostprocessing = 0;
		};
/* End PBXResourcesBuildPhase section */

/* Begin PBXSourcesBuildPhase section */
		B1B79B311F79CE3700E9CE37 /* Sources */ = {
			isa = PBXSourcesBuildPhase;
			buildActionMask = 2147483647;
			files = (
				B1836DCF1FBD733B00AE4DF6 /* CIImage+Extension.swift in Sources */,
				B169B6491F7B457D008256B0 /* PHAsset+Extension.swift in Sources */,
				B1B79B551F79D48E00E9CE37 /* CameraCaptureViewController.swift in Sources */,
				B1836DC91FBBE1E600AE4DF6 /* DeviceOrientationMonitor.swift in Sources */,
				B19414131FB2EA5500DA6078 /* VisionFaceFeatureViewController.swift in Sources */,
				B1836DCD1FBD556900AE4DF6 /* PreviewImageViewController.swift in Sources */,
				B1B79B531F79D46700E9CE37 /* CoreImageView.swift in Sources */,
				B169B6431F7A3845008256B0 /* PhotoCaptureSession.swift in Sources */,
				B169B64C1F7B4913008256B0 /* CGSize+Extension.swift in Sources */,
				B169B6471F7B4101008256B0 /* PHPhotoLibrary+Extension.swift in Sources */,
				B1B79B391F79CE3700E9CE37 /* AppDelegate.swift in Sources */,
			);
			runOnlyForDeploymentPostprocessing = 0;
		};
/* End PBXSourcesBuildPhase section */

/* Begin PBXVariantGroup section */
		B194140E1FB2E95300DA6078 /* Vision.storyboard */ = {
			isa = PBXVariantGroup;
			children = (
				B194140F1FB2E95300DA6078 /* Base */,
			);
			name = Vision.storyboard;
			sourceTree = "<group>";
		};
		B1B79B3C1F79CE3700E9CE37 /* Main.storyboard */ = {
			isa = PBXVariantGroup;
			children = (
				B1B79B3D1F79CE3700E9CE37 /* Base */,
			);
			name = Main.storyboard;
			sourceTree = "<group>";
		};
		B1B79B411F79CE3700E9CE37 /* LaunchScreen.storyboard */ = {
			isa = PBXVariantGroup;
			children = (
				B1B79B421F79CE3700E9CE37 /* Base */,
			);
			name = LaunchScreen.storyboard;
			sourceTree = "<group>";
		};
		B1B79B4C1F79D0C500E9CE37 /* Camera.storyboard */ = {
			isa = PBXVariantGroup;
			children = (
				B1B79B4D1F79D0C500E9CE37 /* Base */,
			);
			name = Camera.storyboard;
			sourceTree = "<group>";
		};
/* End PBXVariantGroup section */

/* Begin XCBuildConfiguration section */
		B1B79B451F79CE3700E9CE37 /* Debug */ = {
			isa = XCBuildConfiguration;
			buildSettings = {
				ALWAYS_SEARCH_USER_PATHS = NO;
				CLANG_ANALYZER_NONNULL = YES;
				CLANG_ANALYZER_NUMBER_OBJECT_CONVERSION = YES_AGGRESSIVE;
				CLANG_CXX_LANGUAGE_STANDARD = "gnu++14";
				CLANG_CXX_LIBRARY = "libc++";
				CLANG_ENABLE_MODULES = YES;
				CLANG_ENABLE_OBJC_ARC = YES;
				CLANG_WARN_BLOCK_CAPTURE_AUTORELEASING = YES;
				CLANG_WARN_BOOL_CONVERSION = YES;
				CLANG_WARN_COMMA = YES;
				CLANG_WARN_CONSTANT_CONVERSION = YES;
				CLANG_WARN_DIRECT_OBJC_ISA_USAGE = YES_ERROR;
				CLANG_WARN_DOCUMENTATION_COMMENTS = YES;
				CLANG_WARN_EMPTY_BODY = YES;
				CLANG_WARN_ENUM_CONVERSION = YES;
				CLANG_WARN_INFINITE_RECURSION = YES;
				CLANG_WARN_INT_CONVERSION = YES;
				CLANG_WARN_NON_LITERAL_NULL_CONVERSION = YES;
				CLANG_WARN_OBJC_LITERAL_CONVERSION = YES;
				CLANG_WARN_OBJC_ROOT_CLASS = YES_ERROR;
				CLANG_WARN_RANGE_LOOP_ANALYSIS = YES;
				CLANG_WARN_STRICT_PROTOTYPES = YES;
				CLANG_WARN_SUSPICIOUS_MOVE = YES;
				CLANG_WARN_UNGUARDED_AVAILABILITY = YES_AGGRESSIVE;
				CLANG_WARN_UNREACHABLE_CODE = YES;
				CLANG_WARN__DUPLICATE_METHOD_MATCH = YES;
				CODE_SIGN_IDENTITY = "iPhone Developer";
				COPY_PHASE_STRIP = NO;
				DEBUG_INFORMATION_FORMAT = dwarf;
				ENABLE_STRICT_OBJC_MSGSEND = YES;
				ENABLE_TESTABILITY = YES;
				GCC_C_LANGUAGE_STANDARD = gnu11;
				GCC_DYNAMIC_NO_PIC = NO;
				GCC_NO_COMMON_BLOCKS = YES;
				GCC_OPTIMIZATION_LEVEL = 0;
				GCC_PREPROCESSOR_DEFINITIONS = (
					"DEBUG=1",
					"$(inherited)",
				);
				GCC_WARN_64_TO_32_BIT_CONVERSION = YES;
				GCC_WARN_ABOUT_RETURN_TYPE = YES_ERROR;
				GCC_WARN_UNDECLARED_SELECTOR = YES;
				GCC_WARN_UNINITIALIZED_AUTOS = YES_AGGRESSIVE;
				GCC_WARN_UNUSED_FUNCTION = YES;
				GCC_WARN_UNUSED_VARIABLE = YES;
				IPHONEOS_DEPLOYMENT_TARGET = 11.0;
				MTL_ENABLE_DEBUG_INFO = YES;
				ONLY_ACTIVE_ARCH = YES;
				SDKROOT = iphoneos;
				SWIFT_ACTIVE_COMPILATION_CONDITIONS = DEBUG;
				SWIFT_OPTIMIZATION_LEVEL = "-Onone";
			};
			name = Debug;
		};
		B1B79B461F79CE3700E9CE37 /* Release */ = {
			isa = XCBuildConfiguration;
			buildSettings = {
				ALWAYS_SEARCH_USER_PATHS = NO;
				CLANG_ANALYZER_NONNULL = YES;
				CLANG_ANALYZER_NUMBER_OBJECT_CONVERSION = YES_AGGRESSIVE;
				CLANG_CXX_LANGUAGE_STANDARD = "gnu++14";
				CLANG_CXX_LIBRARY = "libc++";
				CLANG_ENABLE_MODULES = YES;
				CLANG_ENABLE_OBJC_ARC = YES;
				CLANG_WARN_BLOCK_CAPTURE_AUTORELEASING = YES;
				CLANG_WARN_BOOL_CONVERSION = YES;
				CLANG_WARN_COMMA = YES;
				CLANG_WARN_CONSTANT_CONVERSION = YES;
				CLANG_WARN_DIRECT_OBJC_ISA_USAGE = YES_ERROR;
				CLANG_WARN_DOCUMENTATION_COMMENTS = YES;
				CLANG_WARN_EMPTY_BODY = YES;
				CLANG_WARN_ENUM_CONVERSION = YES;
				CLANG_WARN_INFINITE_RECURSION = YES;
				CLANG_WARN_INT_CONVERSION = YES;
				CLANG_WARN_NON_LITERAL_NULL_CONVERSION = YES;
				CLANG_WARN_OBJC_LITERAL_CONVERSION = YES;
				CLANG_WARN_OBJC_ROOT_CLASS = YES_ERROR;
				CLANG_WARN_RANGE_LOOP_ANALYSIS = YES;
				CLANG_WARN_STRICT_PROTOTYPES = YES;
				CLANG_WARN_SUSPICIOUS_MOVE = YES;
				CLANG_WARN_UNGUARDED_AVAILABILITY = YES_AGGRESSIVE;
				CLANG_WARN_UNREACHABLE_CODE = YES;
				CLANG_WARN__DUPLICATE_METHOD_MATCH = YES;
				CODE_SIGN_IDENTITY = "iPhone Developer";
				COPY_PHASE_STRIP = NO;
				DEBUG_INFORMATION_FORMAT = "dwarf-with-dsym";
				ENABLE_NS_ASSERTIONS = NO;
				ENABLE_STRICT_OBJC_MSGSEND = YES;
				GCC_C_LANGUAGE_STANDARD = gnu11;
				GCC_NO_COMMON_BLOCKS = YES;
				GCC_WARN_64_TO_32_BIT_CONVERSION = YES;
				GCC_WARN_ABOUT_RETURN_TYPE = YES_ERROR;
				GCC_WARN_UNDECLARED_SELECTOR = YES;
				GCC_WARN_UNINITIALIZED_AUTOS = YES_AGGRESSIVE;
				GCC_WARN_UNUSED_FUNCTION = YES;
				GCC_WARN_UNUSED_VARIABLE = YES;
				IPHONEOS_DEPLOYMENT_TARGET = 11.0;
				MTL_ENABLE_DEBUG_INFO = NO;
				SDKROOT = iphoneos;
				SWIFT_OPTIMIZATION_LEVEL = "-Owholemodule";
				VALIDATE_PRODUCT = YES;
			};
			name = Release;
		};
		B1B79B481F79CE3700E9CE37 /* Debug */ = {
			isa = XCBuildConfiguration;
			buildSettings = {
				ASSETCATALOG_COMPILER_APPICON_NAME = AppIcon;
				CODE_SIGN_STYLE = Automatic;
				DEVELOPMENT_TEAM = 427QQ329ZX;
				INFOPLIST_FILE = MediaCatalog/Info.plist;
				IPHONEOS_DEPLOYMENT_TARGET = 11.0;
				LD_RUNPATH_SEARCH_PATHS = "$(inherited) @executable_path/Frameworks";
				PRODUCT_BUNDLE_IDENTIFIER = co.imk2o.MediaCatalog;
				PRODUCT_NAME = "$(TARGET_NAME)";
				SWIFT_VERSION = 4.0;
				TARGETED_DEVICE_FAMILY = "1,2";
			};
			name = Debug;
		};
		B1B79B491F79CE3700E9CE37 /* Release */ = {
			isa = XCBuildConfiguration;
			buildSettings = {
				ASSETCATALOG_COMPILER_APPICON_NAME = AppIcon;
				CODE_SIGN_STYLE = Automatic;
				DEVELOPMENT_TEAM = 427QQ329ZX;
				INFOPLIST_FILE = MediaCatalog/Info.plist;
				IPHONEOS_DEPLOYMENT_TARGET = 11.0;
				LD_RUNPATH_SEARCH_PATHS = "$(inherited) @executable_path/Frameworks";
				PRODUCT_BUNDLE_IDENTIFIER = co.imk2o.MediaCatalog;
				PRODUCT_NAME = "$(TARGET_NAME)";
				SWIFT_VERSION = 4.0;
				TARGETED_DEVICE_FAMILY = "1,2";
			};
			name = Release;
		};
/* End XCBuildConfiguration section */

/* Begin XCConfigurationList section */
		B1B79B301F79CE3700E9CE37 /* Build configuration list for PBXProject "MediaCatalog" */ = {
			isa = XCConfigurationList;
			buildConfigurations = (
				B1B79B451F79CE3700E9CE37 /* Debug */,
				B1B79B461F79CE3700E9CE37 /* Release */,
			);
			defaultConfigurationIsVisible = 0;
			defaultConfigurationName = Release;
		};
		B1B79B471F79CE3700E9CE37 /* Build configuration list for PBXNativeTarget "MediaCatalog" */ = {
			isa = XCConfigurationList;
			buildConfigurations = (
				B1B79B481F79CE3700E9CE37 /* Debug */,
				B1B79B491F79CE3700E9CE37 /* Release */,
			);
			defaultConfigurationIsVisible = 0;
			defaultConfigurationName = Release;
		};
/* End XCConfigurationList section */
	};
	rootObject = B1B79B2D1F79CE3700E9CE37 /* Project object */;
}
